
Microsoft Visual Studio Solution File, Format Version 12.00
# Visual Studio 2013
VisualStudioVersion = 12.0.31101.0
MinimumVisualStudioVersion = 10.0.40219.1
Project("{FAE04EC0-301F-11D3-BF4B-00C04F79EFBC}") = "PythonToolsLinks1", "PythonToolsLinks1\PythonToolsLinks1.csproj", "{E0FD260E-3193-400F-8FC4-63389E455E6A}"
EndProject
Global
	GlobalSection(SolutionConfigurationPlatforms) = preSolution
		Debug|Any CPU = Debug|Any CPU
	EndGlobalSection
	GlobalSection(ProjectConfigurationPlatforms) = postSolution
		{E0FD260E-3193-400F-8FC4-63389E455E6A}.Debug|Any CPU.ActiveCfg = Debug|Any CPU
		{E0FD260E-3193-400F-8FC4-63389E455E6A}.Debug|Any CPU.Build.0 = Debug|Any CPU
	EndGlobalSection
	GlobalSection(SolutionProperties) = preSolution
		HideSolutionNode = FALSE
	EndGlobalSection
EndGlobal
